// !$*UTF8*$!
{
	archiveVersion = 1;
	classes = {
	};
	objectVersion = 48;
	objects = {

/* Begin PBXBuildFile section */
		5050820A203052C500F1DA49 /* Simulator.swift in Sources */ = {isa = PBXBuildFile; fileRef = 509E4668203035B20045CB73 /* Simulator.swift */; };
		506039F7202BBAA100FC0A72 /* AppDelegate.swift in Sources */ = {isa = PBXBuildFile; fileRef = 506039F6202BBAA100FC0A72 /* AppDelegate.swift */; };
		506039F9202BBAA100FC0A72 /* ViewController.swift in Sources */ = {isa = PBXBuildFile; fileRef = 506039F8202BBAA100FC0A72 /* ViewController.swift */; };
		506039FC202BBAA100FC0A72 /* Main.storyboard in Resources */ = {isa = PBXBuildFile; fileRef = 506039FA202BBAA100FC0A72 /* Main.storyboard */; };
		506039FE202BBAA100FC0A72 /* Assets.xcassets in Resources */ = {isa = PBXBuildFile; fileRef = 506039FD202BBAA100FC0A72 /* Assets.xcassets */; };
		50603A01202BBAA100FC0A72 /* LaunchScreen.storyboard in Resources */ = {isa = PBXBuildFile; fileRef = 506039FF202BBAA100FC0A72 /* LaunchScreen.storyboard */; };
		50603A0D202BBC7500FC0A72 /* StyleKit.swift in Sources */ = {isa = PBXBuildFile; fileRef = 50603A0C202BBC7500FC0A72 /* StyleKit.swift */; };
		50603A0F202BBDB700FC0A72 /* PendulumView.swift in Sources */ = {isa = PBXBuildFile; fileRef = 50603A0E202BBDB700FC0A72 /* PendulumView.swift */; };
		509E4669203035B20045CB73 /* Simulator.swift in Sources */ = {isa = PBXBuildFile; fileRef = 509E4668203035B20045CB73 /* Simulator.swift */; };
		50E15E18207B059D009EFA17 /* About.swift in Sources */ = {isa = PBXBuildFile; fileRef = 50E15E17207B059D009EFA17 /* About.swift */; };
		50F4A37620304ECD009A7B3A /* Simulator Tests.swift in Sources */ = {isa = PBXBuildFile; fileRef = 50F4A37520304ECD009A7B3A /* Simulator Tests.swift */; };
/* End PBXBuildFile section */

/* Begin PBXContainerItemProxy section */
		50F4A37820304ECD009A7B3A /* PBXContainerItemProxy */ = {
			isa = PBXContainerItemProxy;
			containerPortal = 506039EB202BBAA100FC0A72 /* Project object */;
			proxyType = 1;
			remoteGlobalIDString = 506039F2202BBAA100FC0A72;
			remoteInfo = "Double Pendulum";
		};
/* End PBXContainerItemProxy section */

/* Begin PBXFileReference section */
		506039F3202BBAA100FC0A72 /* Double Pendulum.app */ = {isa = PBXFileReference; explicitFileType = wrapper.application; includeInIndex = 0; path = "Double Pendulum.app"; sourceTree = BUILT_PRODUCTS_DIR; };
		506039F6202BBAA100FC0A72 /* AppDelegate.swift */ = {isa = PBXFileReference; lastKnownFileType = sourcecode.swift; path = AppDelegate.swift; sourceTree = "<group>"; };
		506039F8202BBAA100FC0A72 /* ViewController.swift */ = {isa = PBXFileReference; lastKnownFileType = sourcecode.swift; path = ViewController.swift; sourceTree = "<group>"; };
		506039FB202BBAA100FC0A72 /* Base */ = {isa = PBXFileReference; lastKnownFileType = file.storyboard; name = Base; path = Base.lproj/Main.storyboard; sourceTree = "<group>"; };
		506039FD202BBAA100FC0A72 /* Assets.xcassets */ = {isa = PBXFileReference; lastKnownFileType = folder.assetcatalog; path = Assets.xcassets; sourceTree = "<group>"; };
		50603A00202BBAA100FC0A72 /* Base */ = {isa = PBXFileReference; lastKnownFileType = file.storyboard; name = Base; path = Base.lproj/LaunchScreen.storyboard; sourceTree = "<group>"; };
		50603A02202BBAA100FC0A72 /* Info.plist */ = {isa = PBXFileReference; lastKnownFileType = text.plist.xml; path = Info.plist; sourceTree = "<group>"; };
		50603A0C202BBC7500FC0A72 /* StyleKit.swift */ = {isa = PBXFileReference; fileEncoding = 4; lastKnownFileType = sourcecode.swift; path = StyleKit.swift; sourceTree = "<group>"; };
		50603A0E202BBDB700FC0A72 /* PendulumView.swift */ = {isa = PBXFileReference; lastKnownFileType = sourcecode.swift; path = PendulumView.swift; sourceTree = "<group>"; };
		509E4668203035B20045CB73 /* Simulator.swift */ = {isa = PBXFileReference; lastKnownFileType = sourcecode.swift; path = Simulator.swift; sourceTree = "<group>"; };
		50E15E17207B059D009EFA17 /* About.swift */ = {isa = PBXFileReference; lastKnownFileType = sourcecode.swift; path = About.swift; sourceTree = "<group>"; };
		50F4A37320304ECD009A7B3A /* Simulator Tests.xctest */ = {isa = PBXFileReference; explicitFileType = wrapper.cfbundle; includeInIndex = 0; path = "Simulator Tests.xctest"; sourceTree = BUILT_PRODUCTS_DIR; };
		50F4A37520304ECD009A7B3A /* Simulator Tests.swift */ = {isa = PBXFileReference; lastKnownFileType = sourcecode.swift; path = "Simulator Tests.swift"; sourceTree = "<group>"; };
		50F4A37720304ECD009A7B3A /* Info.plist */ = {isa = PBXFileReference; lastKnownFileType = text.plist.xml; path = Info.plist; sourceTree = "<group>"; };
/* End PBXFileReference section */

/* Begin PBXFrameworksBuildPhase section */
		506039F0202BBAA100FC0A72 /* Frameworks */ = {
			isa = PBXFrameworksBuildPhase;
			buildActionMask = 2147483647;
			files = (
			);
			runOnlyForDeploymentPostprocessing = 0;
		};
		50F4A37020304ECD009A7B3A /* Frameworks */ = {
			isa = PBXFrameworksBuildPhase;
			buildActionMask = 2147483647;
			files = (
			);
			runOnlyForDeploymentPostprocessing = 0;
		};
/* End PBXFrameworksBuildPhase section */

/* Begin PBXGroup section */
		506039EA202BBAA100FC0A72 = {
			isa = PBXGroup;
			children = (
				506039FD202BBAA100FC0A72 /* Assets.xcassets */,
				50E15E17207B059D009EFA17 /* About.swift */,
				50603A0C202BBC7500FC0A72 /* StyleKit.swift */,
				506039F5202BBAA100FC0A72 /* Double Pendulum */,
				50F4A37420304ECD009A7B3A /* Simulator Tests */,
				506039F4202BBAA100FC0A72 /* Products */,
			);
			sourceTree = "<group>";
		};
		506039F4202BBAA100FC0A72 /* Products */ = {
			isa = PBXGroup;
			children = (
				506039F3202BBAA100FC0A72 /* Double Pendulum.app */,
				50F4A37320304ECD009A7B3A /* Simulator Tests.xctest */,
			);
			name = Products;
			sourceTree = "<group>";
		};
		506039F5202BBAA100FC0A72 /* Double Pendulum */ = {
			isa = PBXGroup;
			children = (
				506039F6202BBAA100FC0A72 /* AppDelegate.swift */,
				506039F8202BBAA100FC0A72 /* ViewController.swift */,
				50603A0E202BBDB700FC0A72 /* PendulumView.swift */,
				509E4668203035B20045CB73 /* Simulator.swift */,
				506039FA202BBAA100FC0A72 /* Main.storyboard */,
				506039FF202BBAA100FC0A72 /* LaunchScreen.storyboard */,
				50603A02202BBAA100FC0A72 /* Info.plist */,
			);
			path = "Double Pendulum";
			sourceTree = "<group>";
		};
		50F4A37420304ECD009A7B3A /* Simulator Tests */ = {
			isa = PBXGroup;
			children = (
				50F4A37520304ECD009A7B3A /* Simulator Tests.swift */,
				50F4A37720304ECD009A7B3A /* Info.plist */,
			);
			path = "Simulator Tests";
			sourceTree = "<group>";
		};
/* End PBXGroup section */

/* Begin PBXNativeTarget section */
		506039F2202BBAA100FC0A72 /* Double Pendulum */ = {
			isa = PBXNativeTarget;
			buildConfigurationList = 50603A05202BBAA100FC0A72 /* Build configuration list for PBXNativeTarget "Double Pendulum" */;
			buildPhases = (
				506039EF202BBAA100FC0A72 /* Sources */,
				506039F0202BBAA100FC0A72 /* Frameworks */,
				506039F1202BBAA100FC0A72 /* Resources */,
			);
			buildRules = (
			);
			dependencies = (
			);
			name = "Double Pendulum";
			productName = "Double Pendulum";
			productReference = 506039F3202BBAA100FC0A72 /* Double Pendulum.app */;
			productType = "com.apple.product-type.application";
		};
		50F4A37220304ECD009A7B3A /* Simulator Tests */ = {
			isa = PBXNativeTarget;
			buildConfigurationList = 50F4A37C20304ECD009A7B3A /* Build configuration list for PBXNativeTarget "Simulator Tests" */;
			buildPhases = (
				50F4A36F20304ECD009A7B3A /* Sources */,
				50F4A37020304ECD009A7B3A /* Frameworks */,
				50F4A37120304ECD009A7B3A /* Resources */,
			);
			buildRules = (
			);
			dependencies = (
				50F4A37920304ECD009A7B3A /* PBXTargetDependency */,
			);
			name = "Simulator Tests";
			productName = "Simulator Tests";
			productReference = 50F4A37320304ECD009A7B3A /* Simulator Tests.xctest */;
			productType = "com.apple.product-type.bundle.unit-test";
		};
/* End PBXNativeTarget section */

/* Begin PBXProject section */
		506039EB202BBAA100FC0A72 /* Project object */ = {
			isa = PBXProject;
			attributes = {
				LastSwiftUpdateCheck = 0920;
				LastUpgradeCheck = 0930;
				ORGANIZATIONNAME = "SFU Physics Department";
				TargetAttributes = {
					506039F2202BBAA100FC0A72 = {
						CreatedOnToolsVersion = 9.2;
						ProvisioningStyle = Automatic;
					};
					50F4A37220304ECD009A7B3A = {
						CreatedOnToolsVersion = 9.2;
						ProvisioningStyle = Automatic;
						TestTargetID = 506039F2202BBAA100FC0A72;
					};
				};
			};
			buildConfigurationList = 506039EE202BBAA100FC0A72 /* Build configuration list for PBXProject "Double Pendulum" */;
			compatibilityVersion = "Xcode 8.0";
			developmentRegion = en;
			hasScannedForEncodings = 0;
			knownRegions = (
				en,
				Base,
			);
			mainGroup = 506039EA202BBAA100FC0A72;
			productRefGroup = 506039F4202BBAA100FC0A72 /* Products */;
			projectDirPath = "";
			projectRoot = "";
			targets = (
				506039F2202BBAA100FC0A72 /* Double Pendulum */,
				50F4A37220304ECD009A7B3A /* Simulator Tests */,
			);
		};
/* End PBXProject section */

/* Begin PBXResourcesBuildPhase section */
		506039F1202BBAA100FC0A72 /* Resources */ = {
			isa = PBXResourcesBuildPhase;
			buildActionMask = 2147483647;
			files = (
				50603A01202BBAA100FC0A72 /* LaunchScreen.storyboard in Resources */,
				506039FE202BBAA100FC0A72 /* Assets.xcassets in Resources */,
				506039FC202BBAA100FC0A72 /* Main.storyboard in Resources */,
			);
			runOnlyForDeploymentPostprocessing = 0;
		};
		50F4A37120304ECD009A7B3A /* Resources */ = {
			isa = PBXResourcesBuildPhase;
			buildActionMask = 2147483647;
			files = (
			);
			runOnlyForDeploymentPostprocessing = 0;
		};
/* End PBXResourcesBuildPhase section */

/* Begin PBXSourcesBuildPhase section */
		506039EF202BBAA100FC0A72 /* Sources */ = {
			isa = PBXSourcesBuildPhase;
			buildActionMask = 2147483647;
			files = (
				50603A0D202BBC7500FC0A72 /* StyleKit.swift in Sources */,
				50E15E18207B059D009EFA17 /* About.swift in Sources */,
				509E4669203035B20045CB73 /* Simulator.swift in Sources */,
				506039F9202BBAA100FC0A72 /* ViewController.swift in Sources */,
				50603A0F202BBDB700FC0A72 /* PendulumView.swift in Sources */,
				506039F7202BBAA100FC0A72 /* AppDelegate.swift in Sources */,
			);
			runOnlyForDeploymentPostprocessing = 0;
		};
		50F4A36F20304ECD009A7B3A /* Sources */ = {
			isa = PBXSourcesBuildPhase;
			buildActionMask = 2147483647;
			files = (
				5050820A203052C500F1DA49 /* Simulator.swift in Sources */,
				50F4A37620304ECD009A7B3A /* Simulator Tests.swift in Sources */,
			);
			runOnlyForDeploymentPostprocessing = 0;
		};
/* End PBXSourcesBuildPhase section */

/* Begin PBXTargetDependency section */
		50F4A37920304ECD009A7B3A /* PBXTargetDependency */ = {
			isa = PBXTargetDependency;
			target = 506039F2202BBAA100FC0A72 /* Double Pendulum */;
			targetProxy = 50F4A37820304ECD009A7B3A /* PBXContainerItemProxy */;
		};
/* End PBXTargetDependency section */

/* Begin PBXVariantGroup section */
		506039FA202BBAA100FC0A72 /* Main.storyboard */ = {
			isa = PBXVariantGroup;
			children = (
				506039FB202BBAA100FC0A72 /* Base */,
			);
			name = Main.storyboard;
			sourceTree = "<group>";
		};
		506039FF202BBAA100FC0A72 /* LaunchScreen.storyboard */ = {
			isa = PBXVariantGroup;
			children = (
				50603A00202BBAA100FC0A72 /* Base */,
			);
			name = LaunchScreen.storyboard;
			sourceTree = "<group>";
		};
/* End PBXVariantGroup section */

/* Begin XCBuildConfiguration section */
		50603A03202BBAA100FC0A72 /* Debug */ = {
			isa = XCBuildConfiguration;
			buildSettings = {
				ALWAYS_SEARCH_USER_PATHS = NO;
				CLANG_ANALYZER_NONNULL = YES;
				CLANG_ANALYZER_NUMBER_OBJECT_CONVERSION = YES_AGGRESSIVE;
				CLANG_CXX_LANGUAGE_STANDARD = "gnu++14";
				CLANG_CXX_LIBRARY = "libc++";
				CLANG_ENABLE_MODULES = YES;
				CLANG_ENABLE_OBJC_ARC = YES;
				CLANG_WARN_BLOCK_CAPTURE_AUTORELEASING = YES;
				CLANG_WARN_BOOL_CONVERSION = YES;
				CLANG_WARN_COMMA = YES;
				CLANG_WARN_CONSTANT_CONVERSION = YES;
				CLANG_WARN_DEPRECATED_OBJC_IMPLEMENTATIONS = YES;
				CLANG_WARN_DIRECT_OBJC_ISA_USAGE = YES_ERROR;
				CLANG_WARN_DOCUMENTATION_COMMENTS = YES;
				CLANG_WARN_EMPTY_BODY = YES;
				CLANG_WARN_ENUM_CONVERSION = YES;
				CLANG_WARN_INFINITE_RECURSION = YES;
				CLANG_WARN_INT_CONVERSION = YES;
				CLANG_WARN_NON_LITERAL_NULL_CONVERSION = YES;
				CLANG_WARN_OBJC_IMPLICIT_RETAIN_SELF = YES;
				CLANG_WARN_OBJC_LITERAL_CONVERSION = YES;
				CLANG_WARN_OBJC_ROOT_CLASS = YES_ERROR;
				CLANG_WARN_RANGE_LOOP_ANALYSIS = YES;
				CLANG_WARN_STRICT_PROTOTYPES = YES;
				CLANG_WARN_SUSPICIOUS_MOVE = YES;
				CLANG_WARN_UNGUARDED_AVAILABILITY = YES_AGGRESSIVE;
				CLANG_WARN_UNREACHABLE_CODE = YES;
				CLANG_WARN__DUPLICATE_METHOD_MATCH = YES;
				CODE_SIGN_IDENTITY = "iPhone Developer";
				COPY_PHASE_STRIP = NO;
				DEBUG_INFORMATION_FORMAT = dwarf;
				ENABLE_STRICT_OBJC_MSGSEND = YES;
				ENABLE_TESTABILITY = YES;
				GCC_C_LANGUAGE_STANDARD = gnu11;
				GCC_DYNAMIC_NO_PIC = NO;
				GCC_NO_COMMON_BLOCKS = YES;
				GCC_OPTIMIZATION_LEVEL = 0;
				GCC_PREPROCESSOR_DEFINITIONS = (
					"DEBUG=1",
					"$(inherited)",
				);
				GCC_WARN_64_TO_32_BIT_CONVERSION = YES;
				GCC_WARN_ABOUT_RETURN_TYPE = YES_ERROR;
				GCC_WARN_UNDECLARED_SELECTOR = YES;
				GCC_WARN_UNINITIALIZED_AUTOS = YES_AGGRESSIVE;
				GCC_WARN_UNUSED_FUNCTION = YES;
				GCC_WARN_UNUSED_VARIABLE = YES;
				IPHONEOS_DEPLOYMENT_TARGET = 11.2;
				MTL_ENABLE_DEBUG_INFO = YES;
				ONLY_ACTIVE_ARCH = YES;
				SDKROOT = iphoneos;
				SWIFT_ACTIVE_COMPILATION_CONDITIONS = DEBUG;
				SWIFT_OPTIMIZATION_LEVEL = "-Onone";
			};
			name = Debug;
		};
		50603A04202BBAA100FC0A72 /* Release */ = {
			isa = XCBuildConfiguration;
			buildSettings = {
				ALWAYS_SEARCH_USER_PATHS = NO;
				CLANG_ANALYZER_NONNULL = YES;
				CLANG_ANALYZER_NUMBER_OBJECT_CONVERSION = YES_AGGRESSIVE;
				CLANG_CXX_LANGUAGE_STANDARD = "gnu++14";
				CLANG_CXX_LIBRARY = "libc++";
				CLANG_ENABLE_MODULES = YES;
				CLANG_ENABLE_OBJC_ARC = YES;
				CLANG_WARN_BLOCK_CAPTURE_AUTORELEASING = YES;
				CLANG_WARN_BOOL_CONVERSION = YES;
				CLANG_WARN_COMMA = YES;
				CLANG_WARN_CONSTANT_CONVERSION = YES;
				CLANG_WARN_DEPRECATED_OBJC_IMPLEMENTATIONS = YES;
				CLANG_WARN_DIRECT_OBJC_ISA_USAGE = YES_ERROR;
				CLANG_WARN_DOCUMENTATION_COMMENTS = YES;
				CLANG_WARN_EMPTY_BODY = YES;
				CLANG_WARN_ENUM_CONVERSION = YES;
				CLANG_WARN_INFINITE_RECURSION = YES;
				CLANG_WARN_INT_CONVERSION = YES;
				CLANG_WARN_NON_LITERAL_NULL_CONVERSION = YES;
				CLANG_WARN_OBJC_IMPLICIT_RETAIN_SELF = YES;
				CLANG_WARN_OBJC_LITERAL_CONVERSION = YES;
				CLANG_WARN_OBJC_ROOT_CLASS = YES_ERROR;
				CLANG_WARN_RANGE_LOOP_ANALYSIS = YES;
				CLANG_WARN_STRICT_PROTOTYPES = YES;
				CLANG_WARN_SUSPICIOUS_MOVE = YES;
				CLANG_WARN_UNGUARDED_AVAILABILITY = YES_AGGRESSIVE;
				CLANG_WARN_UNREACHABLE_CODE = YES;
				CLANG_WARN__DUPLICATE_METHOD_MATCH = YES;
				CODE_SIGN_IDENTITY = "iPhone Developer";
				COPY_PHASE_STRIP = NO;
				DEBUG_INFORMATION_FORMAT = "dwarf-with-dsym";
				ENABLE_NS_ASSERTIONS = NO;
				ENABLE_STRICT_OBJC_MSGSEND = YES;
				GCC_C_LANGUAGE_STANDARD = gnu11;
				GCC_NO_COMMON_BLOCKS = YES;
				GCC_WARN_64_TO_32_BIT_CONVERSION = YES;
				GCC_WARN_ABOUT_RETURN_TYPE = YES_ERROR;
				GCC_WARN_UNDECLARED_SELECTOR = YES;
				GCC_WARN_UNINITIALIZED_AUTOS = YES_AGGRESSIVE;
				GCC_WARN_UNUSED_FUNCTION = YES;
				GCC_WARN_UNUSED_VARIABLE = YES;
				IPHONEOS_DEPLOYMENT_TARGET = 11.2;
				MTL_ENABLE_DEBUG_INFO = NO;
				SDKROOT = iphoneos;
				SWIFT_OPTIMIZATION_LEVEL = "-Owholemodule";
				VALIDATE_PRODUCT = YES;
			};
			name = Release;
		};
		50603A06202BBAA100FC0A72 /* Debug */ = {
			isa = XCBuildConfiguration;
			buildSettings = {
				ASSETCATALOG_COMPILER_APPICON_NAME = AppIcon;
				CODE_SIGN_STYLE = Automatic;
				DEVELOPMENT_TEAM = 28GCAU455A;
				INFOPLIST_FILE = "Double Pendulum/Info.plist";
				LD_RUNPATH_SEARCH_PATHS = "$(inherited) @executable_path/Frameworks";
				PRODUCT_BUNDLE_IDENTIFIER = "ca.sfu.phys.double-pendulum";
				PRODUCT_NAME = "$(TARGET_NAME)";
				SWIFT_VERSION = 4.0;
				TARGETED_DEVICE_FAMILY = "1,2";
			};
			name = Debug;
		};
		50603A07202BBAA100FC0A72 /* Release */ = {
			isa = XCBuildConfiguration;
			buildSettings = {
				ASSETCATALOG_COMPILER_APPICON_NAME = AppIcon;
				CODE_SIGN_STYLE = Automatic;
				DEVELOPMENT_TEAM = 28GCAU455A;
				INFOPLIST_FILE = "Double Pendulum/Info.plist";
				LD_RUNPATH_SEARCH_PATHS = "$(inherited) @executable_path/Frameworks";
				PRODUCT_BUNDLE_IDENTIFIER = "ca.sfu.phys.double-pendulum";
				PRODUCT_NAME = "$(TARGET_NAME)";
				SWIFT_VERSION = 4.0;
				TARGETED_DEVICE_FAMILY = "1,2";
			};
			name = Release;
		};
		50F4A37A20304ECD009A7B3A /* Debug */ = {
			isa = XCBuildConfiguration;
			buildSettings = {
				BUNDLE_LOADER = "$(TEST_HOST)";
				CODE_SIGN_STYLE = Automatic;
				DEVELOPMENT_TEAM = 28GCAU455A;
				INFOPLIST_FILE = "Simulator Tests/Info.plist";
				LD_RUNPATH_SEARCH_PATHS = "$(inherited) @executable_path/Frameworks @loader_path/Frameworks";
				PRODUCT_BUNDLE_IDENTIFIER = "ca.sfu.phys.simulator-tests";
				PRODUCT_NAME = "$(TARGET_NAME)";
				SWIFT_VERSION = 4.0;
				TARGETED_DEVICE_FAMILY = "1,2";
				TEST_HOST = "$(BUILT_PRODUCTS_DIR)/Double Pendulum.app/Double Pendulum";
			};
			name = Debug;
		};
		50F4A37B20304ECD009A7B3A /* Release */ = {
			isa = XCBuildConfiguration;
			buildSettings = {
				BUNDLE_LOADER = "$(TEST_HOST)";
				CODE_SIGN_STYLE = Automatic;
				DEVELOPMENT_TEAM = 28GCAU455A;
				INFOPLIST_FILE = "Simulator Tests/Info.plist";
				LD_RUNPATH_SEARCH_PATHS = "$(inherited) @executable_path/Frameworks @loader_path/Frameworks";
				PRODUCT_BUNDLE_IDENTIFIER = "ca.sfu.phys.simulator-tests";
				PRODUCT_NAME = "$(TARGET_NAME)";
				SWIFT_VERSION = 4.0;
				TARGETED_DEVICE_FAMILY = "1,2";
				TEST_HOST = "$(BUILT_PRODUCTS_DIR)/Double Pendulum.app/Double Pendulum";
			};
			name = Release;
		};
/* End XCBuildConfiguration section */

/* Begin XCConfigurationList section */
		506039EE202BBAA100FC0A72 /* Build configuration list for PBXProject "Double Pendulum" */ = {
			isa = XCConfigurationList;
			buildConfigurations = (
				50603A03202BBAA100FC0A72 /* Debug */,
				50603A04202BBAA100FC0A72 /* Release */,
			);
			defaultConfigurationIsVisible = 0;
			defaultConfigurationName = Release;
		};
		50603A05202BBAA100FC0A72 /* Build configuration list for PBXNativeTarget "Double Pendulum" */ = {
			isa = XCConfigurationList;
			buildConfigurations = (
				50603A06202BBAA100FC0A72 /* Debug */,
				50603A07202BBAA100FC0A72 /* Release */,
			);
			defaultConfigurationIsVisible = 0;
			defaultConfigurationName = Release;
		};
		50F4A37C20304ECD009A7B3A /* Build configuration list for PBXNativeTarget "Simulator Tests" */ = {
			isa = XCConfigurationList;
			buildConfigurations = (
				50F4A37A20304ECD009A7B3A /* Debug */,
				50F4A37B20304ECD009A7B3A /* Release */,
			);
			defaultConfigurationIsVisible = 0;
			defaultConfigurationName = Release;
		};
/* End XCConfigurationList section */
	};
	rootObject = 506039EB202BBAA100FC0A72 /* Project object */;
}
